
Microsoft Visual Studio Solution File, Format Version 12.00
# Visual Studio Express 2013 for Web
VisualStudioVersion = 12.0.31101.0
MinimumVisualStudioVersion = 10.0.40219.1
Project("{FAE04EC0-301F-11D3-BF4B-00C04F79EFBC}") = "VMS.Api", "VMS.Api\VMS.Api.csproj", "{BCC457ED-A3D6-42D6-B4FB-13338EFA30C4}"
EndProject
Project("{FAE04EC0-301F-11D3-BF4B-00C04F79EFBC}") = "VMS.EF", "VMS.EF\VMS.EF.csproj", "{791E97C3-A67F-49B8-B2F2-BC58EF5E4DD1}"
EndProject
Project("{FAE04EC0-301F-11D3-BF4B-00C04F79EFBC}") = "VMS.Web", "VMS.Web\VMS.Web.csproj", "{6209B680-9044-4A4D-9573-7CF403DA4490}"
EndProject
Global
	GlobalSection(SolutionConfigurationPlatforms) = preSolution
		Debug|Any CPU = Debug|Any CPU
		Release|Any CPU = Release|Any CPU
	EndGlobalSection
	GlobalSection(ProjectConfigurationPlatforms) = postSolution
		{BCC457ED-A3D6-42D6-B4FB-13338EFA30C4}.Debug|Any CPU.ActiveCfg = Debug|Any CPU
		{BCC457ED-A3D6-42D6-B4FB-13338EFA30C4}.Debug|Any CPU.Build.0 = Debug|Any CPU
		{BCC457ED-A3D6-42D6-B4FB-13338EFA30C4}.Release|Any CPU.ActiveCfg = Release|Any CPU
		{BCC457ED-A3D6-42D6-B4FB-13338EFA30C4}.Release|Any CPU.Build.0 = Release|Any CPU
		{791E97C3-A67F-49B8-B2F2-BC58EF5E4DD1}.Debug|Any CPU.ActiveCfg = Debug|Any CPU
		{791E97C3-A67F-49B8-B2F2-BC58EF5E4DD1}.Debug|Any CPU.Build.0 = Debug|Any CPU
		{791E97C3-A67F-49B8-B2F2-BC58EF5E4DD1}.Release|Any CPU.ActiveCfg = Release|Any CPU
		{791E97C3-A67F-49B8-B2F2-BC58EF5E4DD1}.Release|Any CPU.Build.0 = Release|Any CPU
		{6209B680-9044-4A4D-9573-7CF403DA4490}.Debug|Any CPU.ActiveCfg = Debug|Any CPU
		{6209B680-9044-4A4D-9573-7CF403DA4490}.Debug|Any CPU.Build.0 = Debug|Any CPU
		{6209B680-9044-4A4D-9573-7CF403DA4490}.Release|Any CPU.ActiveCfg = Release|Any CPU
		{6209B680-9044-4A4D-9573-7CF403DA4490}.Release|Any CPU.Build.0 = Release|Any CPU
	EndGlobalSection
	GlobalSection(SolutionProperties) = preSolution
		HideSolutionNode = FALSE
	EndGlobalSection
EndGlobal
